
Microsoft Visual Studio Solution File, Format Version 12.00
# Visual Studio 14
VisualStudioVersion = 14.0.25420.1
MinimumVisualStudioVersion = 10.0.40219.1
Project("{FAE04EC0-301F-11D3-BF4B-00C04F79EFBC}") = "PSTodos.Infrastructure.Repository", "PSTodos.Infrastructure.Repository\PSTodos.Infrastructure.Repository.csproj", "{8007A3D6-3503-4816-B014-B12649782055}"
EndProject
Project("{2150E333-8FDC-42A3-9474-1A3956D46DE8}") = "Infra", "Infra", "{8CB8C653-B0DB-4A15-B3E2-03D732B2A68B}"
EndProject
Project("{2150E333-8FDC-42A3-9474-1A3956D46DE8}") = "Model", "Model", "{BED564C1-1834-476F-B426-8BACE6FF9851}"
EndProject
Project("{FAE04EC0-301F-11D3-BF4B-00C04F79EFBC}") = "PSTodos.Application", "PSTodos.Application\PSTodos.Application.csproj", "{A7D8E84E-3DE5-46A2-841E-5799A4AC304B}"
EndProject
Project("{2150E333-8FDC-42A3-9474-1A3956D46DE8}") = "Application", "Application", "{62E1B871-C1ED-4E05-ACDC-3037045FF19F}"
EndProject
Project("{2150E333-8FDC-42A3-9474-1A3956D46DE8}") = "Api", "Api", "{39041664-2A60-474F-BDDE-04D114B835B8}"
EndProject
Project("{FAE04EC0-301F-11D3-BF4B-00C04F79EFBC}") = "PSTodos.Api", "PSTodos.Api\PSTodos.Api.csproj", "{F1CE2F20-5941-4F4D-81E2-814C91606976}"
EndProject
Project("{FAE04EC0-301F-11D3-BF4B-00C04F79EFBC}") = "PSTodos.Model", "PSTodos.Model\PSTodos.Model.csproj", "{EA4F9204-8D13-4C9B-B3FA-AAE2E7E29ADE}"
EndProject
Project("{FAE04EC0-301F-11D3-BF4B-00C04F79EFBC}") = "PSTodos.Infrastructure.IoC", "PSTodos.Infrastructure.IoC\PSTodos.Infrastructure.IoC.csproj", "{D95AA306-0A0D-43AF-AE5E-6280A1F0D374}"
EndProject
Project("{2150E333-8FDC-42A3-9474-1A3956D46DE8}") = "FrontEnd", "FrontEnd", "{48D263C0-E26F-42FB-90FB-21C3E9BDDFC9}"
EndProject
Project("{FAE04EC0-301F-11D3-BF4B-00C04F79EFBC}") = "PSTodos.Mvc", "PSTodos.Mvc\PSTodos.Mvc.csproj", "{F391122B-DBA6-4AFA-AE4C-5EC6E33DB13A}"
EndProject
Project("{2150E333-8FDC-42A3-9474-1A3956D46DE8}") = "Mvc", "Mvc", "{D5B216AD-4CC8-46C4-AF38-D923972DF426}"
EndProject
Project("{2150E333-8FDC-42A3-9474-1A3956D46DE8}") = "Angular", "Angular", "{7308ABC3-3015-4484-809D-B8951FB2ADFD}"
EndProject
Project("{2150E333-8FDC-42A3-9474-1A3956D46DE8}") = "RESTServices", "RESTServices", "{CF671C29-F041-4FEB-83A5-E37C55FDE980}"
EndProject
Project("{FAE04EC0-301F-11D3-BF4B-00C04F79EFBC}") = "PSTodos.RESTServices", "PSTodos.RESTServices\PSTodos.RESTServices.csproj", "{ED72915B-C155-464B-B6C8-3553EE2109CE}"
EndProject
Project("{2150E333-8FDC-42A3-9474-1A3956D46DE8}") = "WebForms", "WebForms", "{AF19EBA0-EA01-4BAE-97AB-10E7199B3AAC}"
EndProject
Project("{8BB2217D-0F2D-49D1-97BC-3654ED321F3B}") = "PSTodos.Angular.Backend", "PSTodos.Angular.Backend\PSTodos.Angular.Backend.xproj", "{00F16653-10FD-4A75-8E3A-FF6F4E76E26D}"
EndProject
Project("{8BB2217D-0F2D-49D1-97BC-3654ED321F3B}") = "PSTodos.Angular.Frontend", "PSTodos.Angular.Frontend\PSTodos.Angular.Frontend.xproj", "{BF35BE72-AC0B-4606-9FF5-916CACBFA910}"
EndProject
Project("{FAE04EC0-301F-11D3-BF4B-00C04F79EFBC}") = "PSTodos.WebForms", "PSTodos.WebForms\PSTodos.WebForms.csproj", "{387518DA-46C7-484A-B0CC-E9B677034AF2}"
EndProject
Global
	GlobalSection(SolutionConfigurationPlatforms) = preSolution
		Debug|Any CPU = Debug|Any CPU
		Release|Any CPU = Release|Any CPU
	EndGlobalSection
	GlobalSection(ProjectConfigurationPlatforms) = postSolution
		{8007A3D6-3503-4816-B014-B12649782055}.Debug|Any CPU.ActiveCfg = Debug|Any CPU
		{8007A3D6-3503-4816-B014-B12649782055}.Debug|Any CPU.Build.0 = Debug|Any CPU
		{8007A3D6-3503-4816-B014-B12649782055}.Release|Any CPU.ActiveCfg = Release|Any CPU
		{8007A3D6-3503-4816-B014-B12649782055}.Release|Any CPU.Build.0 = Release|Any CPU
		{A7D8E84E-3DE5-46A2-841E-5799A4AC304B}.Debug|Any CPU.ActiveCfg = Debug|Any CPU
		{A7D8E84E-3DE5-46A2-841E-5799A4AC304B}.Debug|Any CPU.Build.0 = Debug|Any CPU
		{A7D8E84E-3DE5-46A2-841E-5799A4AC304B}.Release|Any CPU.ActiveCfg = Release|Any CPU
		{A7D8E84E-3DE5-46A2-841E-5799A4AC304B}.Release|Any CPU.Build.0 = Release|Any CPU
		{F1CE2F20-5941-4F4D-81E2-814C91606976}.Debug|Any CPU.ActiveCfg = Debug|Any CPU
		{F1CE2F20-5941-4F4D-81E2-814C91606976}.Debug|Any CPU.Build.0 = Debug|Any CPU
		{F1CE2F20-5941-4F4D-81E2-814C91606976}.Release|Any CPU.ActiveCfg = Release|Any CPU
		{F1CE2F20-5941-4F4D-81E2-814C91606976}.Release|Any CPU.Build.0 = Release|Any CPU
		{EA4F9204-8D13-4C9B-B3FA-AAE2E7E29ADE}.Debug|Any CPU.ActiveCfg = Debug|Any CPU
		{EA4F9204-8D13-4C9B-B3FA-AAE2E7E29ADE}.Debug|Any CPU.Build.0 = Debug|Any CPU
		{EA4F9204-8D13-4C9B-B3FA-AAE2E7E29ADE}.Release|Any CPU.ActiveCfg = Release|Any CPU
		{EA4F9204-8D13-4C9B-B3FA-AAE2E7E29ADE}.Release|Any CPU.Build.0 = Release|Any CPU
		{D95AA306-0A0D-43AF-AE5E-6280A1F0D374}.Debug|Any CPU.ActiveCfg = Debug|Any CPU
		{D95AA306-0A0D-43AF-AE5E-6280A1F0D374}.Debug|Any CPU.Build.0 = Debug|Any CPU
		{D95AA306-0A0D-43AF-AE5E-6280A1F0D374}.Release|Any CPU.ActiveCfg = Release|Any CPU
		{D95AA306-0A0D-43AF-AE5E-6280A1F0D374}.Release|Any CPU.Build.0 = Release|Any CPU
		{F391122B-DBA6-4AFA-AE4C-5EC6E33DB13A}.Debug|Any CPU.ActiveCfg = Debug|Any CPU
		{F391122B-DBA6-4AFA-AE4C-5EC6E33DB13A}.Debug|Any CPU.Build.0 = Debug|Any CPU
		{F391122B-DBA6-4AFA-AE4C-5EC6E33DB13A}.Release|Any CPU.ActiveCfg = Release|Any CPU
		{F391122B-DBA6-4AFA-AE4C-5EC6E33DB13A}.Release|Any CPU.Build.0 = Release|Any CPU
		{ED72915B-C155-464B-B6C8-3553EE2109CE}.Debug|Any CPU.ActiveCfg = Debug|Any CPU
		{ED72915B-C155-464B-B6C8-3553EE2109CE}.Debug|Any CPU.Build.0 = Debug|Any CPU
		{ED72915B-C155-464B-B6C8-3553EE2109CE}.Release|Any CPU.ActiveCfg = Release|Any CPU
		{ED72915B-C155-464B-B6C8-3553EE2109CE}.Release|Any CPU.Build.0 = Release|Any CPU
		{00F16653-10FD-4A75-8E3A-FF6F4E76E26D}.Debug|Any CPU.ActiveCfg = Debug|Any CPU
		{00F16653-10FD-4A75-8E3A-FF6F4E76E26D}.Debug|Any CPU.Build.0 = Debug|Any CPU
		{00F16653-10FD-4A75-8E3A-FF6F4E76E26D}.Release|Any CPU.ActiveCfg = Release|Any CPU
		{00F16653-10FD-4A75-8E3A-FF6F4E76E26D}.Release|Any CPU.Build.0 = Release|Any CPU
		{BF35BE72-AC0B-4606-9FF5-916CACBFA910}.Debug|Any CPU.ActiveCfg = Debug|Any CPU
		{BF35BE72-AC0B-4606-9FF5-916CACBFA910}.Debug|Any CPU.Build.0 = Debug|Any CPU
		{BF35BE72-AC0B-4606-9FF5-916CACBFA910}.Release|Any CPU.ActiveCfg = Release|Any CPU
		{BF35BE72-AC0B-4606-9FF5-916CACBFA910}.Release|Any CPU.Build.0 = Release|Any CPU
		{387518DA-46C7-484A-B0CC-E9B677034AF2}.Debug|Any CPU.ActiveCfg = Debug|Any CPU
		{387518DA-46C7-484A-B0CC-E9B677034AF2}.Debug|Any CPU.Build.0 = Debug|Any CPU
		{387518DA-46C7-484A-B0CC-E9B677034AF2}.Release|Any CPU.ActiveCfg = Release|Any CPU
		{387518DA-46C7-484A-B0CC-E9B677034AF2}.Release|Any CPU.Build.0 = Release|Any CPU
	EndGlobalSection
	GlobalSection(SolutionProperties) = preSolution
		HideSolutionNode = FALSE
	EndGlobalSection
	GlobalSection(NestedProjects) = preSolution
		{8007A3D6-3503-4816-B014-B12649782055} = {8CB8C653-B0DB-4A15-B3E2-03D732B2A68B}
		{A7D8E84E-3DE5-46A2-841E-5799A4AC304B} = {62E1B871-C1ED-4E05-ACDC-3037045FF19F}
		{F1CE2F20-5941-4F4D-81E2-814C91606976} = {39041664-2A60-474F-BDDE-04D114B835B8}
		{EA4F9204-8D13-4C9B-B3FA-AAE2E7E29ADE} = {BED564C1-1834-476F-B426-8BACE6FF9851}
		{D95AA306-0A0D-43AF-AE5E-6280A1F0D374} = {8CB8C653-B0DB-4A15-B3E2-03D732B2A68B}
		{F391122B-DBA6-4AFA-AE4C-5EC6E33DB13A} = {D5B216AD-4CC8-46C4-AF38-D923972DF426}
		{D5B216AD-4CC8-46C4-AF38-D923972DF426} = {48D263C0-E26F-42FB-90FB-21C3E9BDDFC9}
		{7308ABC3-3015-4484-809D-B8951FB2ADFD} = {48D263C0-E26F-42FB-90FB-21C3E9BDDFC9}
		{CF671C29-F041-4FEB-83A5-E37C55FDE980} = {48D263C0-E26F-42FB-90FB-21C3E9BDDFC9}
		{ED72915B-C155-464B-B6C8-3553EE2109CE} = {CF671C29-F041-4FEB-83A5-E37C55FDE980}
		{AF19EBA0-EA01-4BAE-97AB-10E7199B3AAC} = {48D263C0-E26F-42FB-90FB-21C3E9BDDFC9}
		{00F16653-10FD-4A75-8E3A-FF6F4E76E26D} = {7308ABC3-3015-4484-809D-B8951FB2ADFD}
		{BF35BE72-AC0B-4606-9FF5-916CACBFA910} = {7308ABC3-3015-4484-809D-B8951FB2ADFD}
		{387518DA-46C7-484A-B0CC-E9B677034AF2} = {AF19EBA0-EA01-4BAE-97AB-10E7199B3AAC}
	EndGlobalSection
EndGlobal
